
Microsoft Visual Studio Solution File, Format Version 12.00
# Visual Studio 15
VisualStudioVersion = 15.0.28010.2046
MinimumVisualStudioVersion = 10.0.40219.1
Project("{FAE04EC0-301F-11D3-BF4B-00C04F79EFBC}") = "hw6", "hw6\hw6.csproj", "{314027A9-C459-49FC-9F82-8F4B26EC34FD}"
EndProject
Global
	GlobalSection(SolutionConfigurationPlatforms) = preSolution
		Debug|Any CPU = Debug|Any CPU
		Release|Any CPU = Release|Any CPU
	EndGlobalSection
	GlobalSection(ProjectConfigurationPlatforms) = postSolution
		{314027A9-C459-49FC-9F82-8F4B26EC34FD}.Debug|Any CPU.ActiveCfg = Debug|Any CPU
		{314027A9-C459-49FC-9F82-8F4B26EC34FD}.Debug|Any CPU.Build.0 = Debug|Any CPU
		{314027A9-C459-49FC-9F82-8F4B26EC34FD}.Release|Any CPU.ActiveCfg = Release|Any CPU
		{314027A9-C459-49FC-9F82-8F4B26EC34FD}.Release|Any CPU.Build.0 = Release|Any CPU
	EndGlobalSection
	GlobalSection(SolutionProperties) = preSolution
		HideSolutionNode = FALSE
	EndGlobalSection
	GlobalSection(ExtensibilityGlobals) = postSolution
		SolutionGuid = {E876BA54-4ADA-4D30-9602-87E665AA74D3}
	EndGlobalSection
EndGlobal
